<Project xmlns="http://schemas.microsoft.com/developer/msbuild/2003">
    <PropertyGroup>
        <ProjectGuid>{B6F0C31E-0D4E-4225-ACD8-F592F9B722C8}</ProjectGuid>
        <MainSource>Sistema1.dpr</MainSource>
        <Base>True</Base>
        <Config Condition="'$(Config)'==''">Debug</Config>
        <TargetedPlatforms>1025</TargetedPlatforms>
        <AppType>Application</AppType>
        <FrameworkType>VCL</FrameworkType>
        <ProjectVersion>17.2</ProjectVersion>
        <Platform Condition="'$(Platform)'==''">Win32</Platform>
    </PropertyGroup>
    <PropertyGroup Condition="'$(Config)'=='Base' or '$(Base)'!=''">
        <Base>true</Base>
    </PropertyGroup>
    <PropertyGroup Condition="('$(Platform)'=='Win32' and '$(Base)'=='true') or '$(Base_Win32)'!=''">
        <Base_Win32>true</Base_Win32>
        <CfgParent>Base</CfgParent>
        <Base>true</Base>
    </PropertyGroup>
    <PropertyGroup Condition="('$(Platform)'=='Win64' and '$(Base)'=='true') or '$(Base_Win64)'!=''">
        <Base_Win64>true</Base_Win64>
        <CfgParent>Base</CfgParent>
        <Base>true</Base>
    </PropertyGroup>
    <PropertyGroup Condition="'$(Config)'=='Release' or '$(Cfg_1)'!=''">
        <Cfg_1>true</Cfg_1>
        <CfgParent>Base</CfgParent>
        <Base>true</Base>
    </PropertyGroup>
    <PropertyGroup Condition="'$(Config)'=='Debug' or '$(Cfg_2)'!=''">
        <Cfg_2>true</Cfg_2>
        <CfgParent>Base</CfgParent>
        <Base>true</Base>
    </PropertyGroup>
    <PropertyGroup Condition="'$(Base)'!=''">
        <DCC_ImageBase>00400000</DCC_ImageBase>
        <DCC_K>false</DCC_K>
        <DCC_Namespace>Vcl;Vcl.Imaging;Vcl.Touch;Vcl.Samples;Vcl.Shell;System;Xml;Data;Datasnap;Web;Soap;Winapi;$(DCC_Namespace)</DCC_Namespace>
        <DCC_SymbolReferenceInfo>1</DCC_SymbolReferenceInfo>
        <DCC_S>false</DCC_S>
        <DCC_UNSAFE_CODE>true</DCC_UNSAFE_CODE>
        <DCC_UNSAFE_CAST>true</DCC_UNSAFE_CAST>
        <DCC_UNSAFE_TYPE>true</DCC_UNSAFE_TYPE>
        <VerInfo_Keys>CompanyName=;FileDescription=;FileVersion=1.0.0.0;InternalName=;LegalCopyright=;LegalTrademarks=;OriginalFilename=;ProductName=;ProductVersion=1.0.0.0;Comments=;CFBundleName=</VerInfo_Keys>
        <DCC_E>false</DCC_E>
        <DCC_F>false</DCC_F>
        <DCC_N>true</DCC_N>
        <SanitizedProjectName>Sistema1</SanitizedProjectName>
        <VerInfo_Locale>11274</VerInfo_Locale>
        <DCC_DebugInformation>1</DCC_DebugInformation>
        <DCC_UsePackage>vcl;rtl;vclx;vclactnband;vclshlctrls;vclie;xmlrtl;inetdbbde;inet;inetdbxpress;webdsnap;dbrtl;vcldb;adortl;bdertl;vcldbx;dbexpress;dsnap;VclSmp;qrpt;teeqr;teeui;teedb;tee;VclNewlyext;$(DCC_UsePackage)</DCC_UsePackage>
    </PropertyGroup>
    <PropertyGroup Condition="'$(Base_Win32)'!=''">
        <Manifest_File>$(BDS)\bin\default_app.manifest</Manifest_File>
        <DCC_Namespace>Winapi;System.Win;Data.Win;Datasnap.Win;Web.Win;Soap.Win;Xml.Win;Bde;$(DCC_Namespace)</DCC_Namespace>
        <VerInfo_IncludeVerInfo>true</VerInfo_IncludeVerInfo>
        <VerInfo_Keys>CompanyName=;FileDescription=;FileVersion=1.0.0.0;InternalName=;LegalCopyright=;LegalTrademarks=;OriginalFilename=;ProductName=;ProductVersion=1.0.0.0;Comments=</VerInfo_Keys>
        <Icon_MainIcon>Sistema1_Icon.ico</Icon_MainIcon>
        <VerInfo_Locale>1033</VerInfo_Locale>
    </PropertyGroup>
    <PropertyGroup Condition="'$(Base_Win64)'!=''">
        <Icon_MainIcon>Sistema1_Icon.ico</Icon_MainIcon>
    </PropertyGroup>
    <PropertyGroup Condition="'$(Cfg_1)'!=''">
        <DCC_Define>RELEASE;$(DCC_Define)</DCC_Define>
        <DCC_SymbolReferenceInfo>0</DCC_SymbolReferenceInfo>
        <DCC_LocalDebugSymbols>false</DCC_LocalDebugSymbols>
        <DCC_DebugInformation>0</DCC_DebugInformation>
    </PropertyGroup>
    <PropertyGroup Condition="'$(Cfg_2)'!=''">
        <DCC_GenerateStackFrames>true</DCC_GenerateStackFrames>
        <DCC_Define>DEBUG;$(DCC_Define)</DCC_Define>
        <DCC_Optimize>false</DCC_Optimize>
    </PropertyGroup>
    <ItemGroup>
        <DelphiCompile Include="$(MainSource)">
            <MainSource>MainSource</MainSource>
        </DelphiCompile>
        <DCCReference Include="UFormMenu.pas">
            <Form>FormMenu</Form>
        </DCCReference>
        <DCCReference Include="UDMSQL.pas">
            <Form>DMSQL</Form>
            <DesignClass>TDataModule</DesignClass>
        </DCCReference>
        <DCCReference Include="UDMSeguridad.pas">
            <Form>DMSeguridad</Form>
            <DesignClass>TDataModule</DesignClass>
        </DCCReference>
        <DCCReference Include="UFrmPlantillaGenerica.pas">
            <Form>FrmPlantillaGenerica</Form>
        </DCCReference>
        <DCCReference Include="UFrmPlantillaGrid.pas">
            <Form>FrmPlantillaGrid</Form>
        </DCCReference>
        <DCCReference Include="UFrmPlantillaDlg.pas">
            <Form>FrmPlantillaDlg</Form>
        </DCCReference>
        <DCCReference Include="UFrmGridUsuarios.pas">
            <Form>FrmGridUsuarios</Form>
        </DCCReference>
        <DCCReference Include="uFrmDlgUsuarios.pas">
            <Form>FrmDlgUsuarios</Form>
        </DCCReference>
        <DCCReference Include="UFrmGridOpciones.pas">
            <Form>FrmGridOpciones</Form>
        </DCCReference>
        <DCCReference Include="uFrmDlgOpciones.pas">
            <Form>FrmDlgOpciones</Form>
        </DCCReference>
        <DCCReference Include="UFrmDlgGrupos.pas">
            <Form>FrmDlgGrupos</Form>
        </DCCReference>
        <DCCReference Include="UFrmGridGrupos.pas">
            <Form>FrmGridGrupos</Form>
        </DCCReference>
        <DCCReference Include="uFrmGrup_Opc.pas">
            <Form>FrmGrup_Opc</Form>
        </DCCReference>
        <DCCReference Include="uFrmUsuGrup.pas">
            <Form>FrmUsuGrup</Form>
        </DCCReference>
        <DCCReference Include="UDMDatos.pas">
            <Form>DMDatos</Form>
            <DesignClass>TDataModule</DesignClass>
        </DCCReference>
        <DCCReference Include="uFrmLogin.pas">
            <Form>FrmLogin</Form>
        </DCCReference>
        <DCCReference Include="uFrmGridChoferes.pas">
            <Form>FrmGridChoferes</Form>
        </DCCReference>
        <DCCReference Include="uFrmDlgChoferes.pas">
            <Form>FrmDlgChoferes</Form>
        </DCCReference>
        <DCCReference Include="..\Clase 5\uFrmGridPasajeros.pas">
            <Form>FrmGridPasajeros</Form>
        </DCCReference>
        <DCCReference Include="..\Clase 5\uFrmDlgPasajeros.pas">
            <Form>FrmDlgPasajeros</Form>
        </DCCReference>
        <DCCReference Include="..\Clase 5\uFrmGridVehiculo.pas">
            <Form>FrmGridVehiculo</Form>
        </DCCReference>
        <DCCReference Include="..\Clase 5\uFrmDlgVehiculo.pas">
            <Form>FrmDlgVehiculo</Form>
        </DCCReference>
        <DCCReference Include="uFrmGridLocalidad.pas">
            <Form>FrmGridLocalidad</Form>
        </DCCReference>
        <DCCReference Include="uFrmDlgLocalidad.pas">
            <Form>FrmDlgLocalidad</Form>
        </DCCReference>
        <DCCReference Include="uFrmGridTarifa.pas">
            <Form>FrmGridTarifa</Form>
        </DCCReference>
        <DCCReference Include="uFrmDlgTarifa.pas">
            <Form>FrmDlgTarifa</Form>
        </DCCReference>
        <DCCReference Include="uFrmReservas.pas">
            <Form>FrmReservas</Form>
        </DCCReference>
        <DCCReference Include="uFrmViaje.pas">
            <Form>FrmViaje</Form>
        </DCCReference>
        <DCCReference Include="UqrPlantillaGenerica.pas">
            <Form>qrPlantillaGenerica</Form>
            <DesignClass>TQuickRep</DesignClass>
        </DCCReference>
        <DCCReference Include="uFrmRecorridoGrid.pas">
            <Form>FrmRecorridoGrid</Form>
        </DCCReference>
        <DCCReference Include="uFrmDlgRecorrido.pas">
            <Form>FrmDlgRecorrido</Form>
        </DCCReference>
        <DCCReference Include="uFrmGridHorarios.pas">
            <Form>FrmGridHorarios</Form>
        </DCCReference>
        <DCCReference Include="uqrReport_Reservas_Dia.pas">
            <Form>qrReport_Reservas_Dia</Form>
            <DesignClass>TQuickRep</DesignClass>
        </DCCReference>
        <DCCReference Include="uFrmConfirmaReserva.pas">
            <Form>FrmConfirmaReserva</Form>
        </DCCReference>
        <DCCReference Include="..\Clase 5\uDMReportes.pas">
            <Form>DMReportes</Form>
            <DesignClass>TDataModule</DesignClass>
        </DCCReference>
        <DCCReference Include="uFrmGridViajes.pas">
            <Form>FrmGridViajes</Form>
        </DCCReference>
        <DCCReference Include="uFrmGridReservas.pas">
            <Form>FrmGridReservas</Form>
        </DCCReference>
        <DCCReference Include="uFrmEstadoViajes.pas">
            <Form>FrmEstadoViajes</Form>
        </DCCReference>
        <DCCReference Include="UfrmDlgHorario.pas">
            <Form>FrmDlgHorario</Form>
        </DCCReference>
        <DCCReference Include="uQrPasajeros_Viaje.pas">
            <Form>qrPasajeros_Viaje</Form>
            <DesignClass>TQuickRep</DesignClass>
        </DCCReference>
        <DCCReference Include="uFrmVentaReservas.pas">
            <Form>FrmVentaReservas</Form>
        </DCCReference>
        <DCCReference Include="uQrBoleto.pas">
            <Form>qrBoleto</Form>
            <DesignClass>TQuickRep</DesignClass>
        </DCCReference>
        <BuildConfiguration Include="Debug">
            <Key>Cfg_2</Key>
            <CfgParent>Base</CfgParent>
        </BuildConfiguration>
        <BuildConfiguration Include="Base">
            <Key>Base</Key>
        </BuildConfiguration>
        <BuildConfiguration Include="Release">
            <Key>Cfg_1</Key>
            <CfgParent>Base</CfgParent>
        </BuildConfiguration>
    </ItemGroup>
    <ProjectExtensions>
        <Borland.Personality>Delphi.Personality.12</Borland.Personality>
        <Borland.ProjectType/>
        <BorlandProject>
            <Delphi.Personality>
                <Source>
                    <Source Name="MainSource">Sistema1.dpr</Source>
                </Source>
            </Delphi.Personality>
            <Platforms>
                <Platform value="iOSDevice64">True</Platform>
                <Platform value="Win32">True</Platform>
                <Platform value="Win64">False</Platform>
            </Platforms>
        </BorlandProject>
        <ProjectFileVersion>12</ProjectFileVersion>
    </ProjectExtensions>
    <Import Project="$(BDS)\Bin\CodeGear.Delphi.Targets" Condition="Exists('$(BDS)\Bin\CodeGear.Delphi.Targets')"/>
    <Import Project="$(APPDATA)\Embarcadero\$(BDSAPPDATABASEDIR)\$(PRODUCTVERSION)\UserTools.proj" Condition="Exists('$(APPDATA)\Embarcadero\$(BDSAPPDATABASEDIR)\$(PRODUCTVERSION)\UserTools.proj')"/>
</Project>
